
Microsoft Visual Studio Solution File, Format Version 12.00
# Visual Studio Version 16
VisualStudioVersion = 16.0.28922.388
MinimumVisualStudioVersion = 10.0.40219.1
Project("{8BC9CEB8-8B4A-11D0-8D11-00A0C91BC942}") = "xhookwow", "xhookwow\xhookwow.vcxproj", "{A12708A4-482D-4352-A21B-4F85967D8E34}"
EndProject
Global
	GlobalSection(SolutionConfigurationPlatforms) = preSolution
		Debug|x64 = Debug|x64
		Debug|x86 = Debug|x86
		Release|x64 = Release|x64
		Release|x86 = Release|x86
	EndGlobalSection
	GlobalSection(ProjectConfigurationPlatforms) = postSolution
		{A12708A4-482D-4352-A21B-4F85967D8E34}.Debug|x64.ActiveCfg = Debug|x64
		{A12708A4-482D-4352-A21B-4F85967D8E34}.Debug|x64.Build.0 = Debug|x64
		{A12708A4-482D-4352-A21B-4F85967D8E34}.Debug|x86.ActiveCfg = Debug|Win32
		{A12708A4-482D-4352-A21B-4F85967D8E34}.Debug|x86.Build.0 = Debug|Win32
		{A12708A4-482D-4352-A21B-4F85967D8E34}.Release|x64.ActiveCfg = Release|x64
		{A12708A4-482D-4352-A21B-4F85967D8E34}.Release|x64.Build.0 = Release|x64
		{A12708A4-482D-4352-A21B-4F85967D8E34}.Release|x86.ActiveCfg = Release|Win32
		{A12708A4-482D-4352-A21B-4F85967D8E34}.Release|x86.Build.0 = Release|Win32
	EndGlobalSection
	GlobalSection(SolutionProperties) = preSolution
		HideSolutionNode = FALSE
	EndGlobalSection
	GlobalSection(ExtensibilityGlobals) = postSolution
		SolutionGuid = {039BCDB5-6657-4E2B-BD4D-A84C8D724290}
	EndGlobalSection
EndGlobal
