<?xml version="1.0" encoding="utf-8"?>
<Project ToolsVersion="4.0" xmlns="http://schemas.microsoft.com/developer/msbuild/2003">
  <ItemGroup>
    <Filter Include="Source Files">
      <UniqueIdentifier>{4FC737F1-C7A5-4376-A066-2A32D752A2FF}</UniqueIdentifier>
      <Extensions>cpp;c;cc;cxx;def;odl;idl;hpj;bat;asm;asmx</Extensions>
    </Filter>
    <Filter Include="Header Files">
      <UniqueIdentifier>{93995380-89BD-4b04-88EB-625FBE52EBFB}</UniqueIdentifier>
      <Extensions>h;hh;hpp;hxx;hm;inl;inc;xsd</Extensions>
    </Filter>
    <Filter Include="Resource Files">
      <UniqueIdentifier>{67DA6AB6-F800-4c08-8B7A-83BB121AAD01}</UniqueIdentifier>
      <Extensions>rc;ico;cur;bmp;dlg;rc2;rct;bin;rgs;gif;jpg;jpeg;jpe;resx;tiff;tif;png;wav;mfcribbon-ms</Extensions>
    </Filter>
    <Filter Include="ImGui">
      <UniqueIdentifier>{b1163792-5814-42c5-8014-5003211d188c}</UniqueIdentifier>
    </Filter>
    <Filter Include="Source Files\ImGui">
      <UniqueIdentifier>{d7dae3c0-af64-4f61-8e58-ed6c9dca90be}</UniqueIdentifier>
    </Filter>
    <Filter Include="Source Files\FindPattern">
      <UniqueIdentifier>{4d76a4fa-2f54-4503-a5ac-63f9628a3741}</UniqueIdentifier>
    </Filter>
    <Filter Include="Source Files\Settings">
      <UniqueIdentifier>{269a76ac-73cf-43ce-8900-7f73368e02f7}</UniqueIdentifier>
    </Filter>
    <Filter Include="Header Files\Detours">
      <UniqueIdentifier>{00f93ab3-0b9f-4277-a211-9c1b84aac80b}</UniqueIdentifier>
    </Filter>
    <Filter Include="Source Files\Detours">
      <UniqueIdentifier>{57b50030-6f31-44d5-95d1-cc44ef6be0f9}</UniqueIdentifier>
    </Filter>
    <Filter Include="Header Files\Renderer">
      <UniqueIdentifier>{56122ff7-4201-48f9-99ad-ea996977fbf3}</UniqueIdentifier>
    </Filter>
    <Filter Include="Header Files\Findpattern">
      <UniqueIdentifier>{23e6609d-6477-41cf-a4c3-2cea1e2c4eb2}</UniqueIdentifier>
    </Filter>
    <Filter Include="Header Files\Hadesmem">
      <UniqueIdentifier>{ec1a5bea-e216-4620-b941-c12e3c9273a6}</UniqueIdentifier>
    </Filter>
  </ItemGroup>
  <ItemGroup>
    <ClInclude Include="stdafx.h">
      <Filter>Header Files</Filter>
    </ClInclude>
    <ClInclude Include="targetver.h">
      <Filter>Header Files</Filter>
    </ClInclude>
    <ClInclude Include="Main.h">
      <Filter>Header Files</Filter>
    </ClInclude>
    <ClInclude Include="imgui\imconfig.h">
      <Filter>ImGui</Filter>
    </ClInclude>
    <ClInclude Include="imgui\imgui.h">
      <Filter>ImGui</Filter>
    </ClInclude>
    <ClInclude Include="imgui\imgui_internal.h">
      <Filter>ImGui</Filter>
    </ClInclude>
    <ClInclude Include="imgui\stb_rect_pack.h">
      <Filter>ImGui</Filter>
    </ClInclude>
    <ClInclude Include="imgui\stb_textedit.h">
      <Filter>ImGui</Filter>
    </ClInclude>
    <ClInclude Include="imgui\stb_truetype.h">
      <Filter>ImGui</Filter>
    </ClInclude>
    <ClInclude Include="imgui\examples\directx9_example\imgui_impl_dx9.h">
      <Filter>ImGui</Filter>
    </ClInclude>
    <ClInclude Include="XorStr.hpp">
      <Filter>Header Files</Filter>
    </ClInclude>
    <ClInclude Include="Util.h">
      <Filter>Source Files\ImGui</Filter>
    </ClInclude>
    <ClInclude Include="Color.h">
      <Filter>Source Files\ImGui</Filter>
    </ClInclude>
    <ClInclude Include="Settings.h">
      <Filter>Source Files\Settings</Filter>
    </ClInclude>
    <ClInclude Include="pattern.h">
      <Filter>Source Files\Settings</Filter>
    </ClInclude>
    <ClInclude Include="Detours\src\detours.h">
      <Filter>Header Files\Detours</Filter>
    </ClInclude>
    <ClInclude Include="Detours\src\detver.h">
      <Filter>Header Files\Detours</Filter>
    </ClInclude>
    <ClInclude Include="Renderer.h">
      <Filter>Header Files\Renderer</Filter>
    </ClInclude>
    <ClInclude Include="FindPattern.h">
      <Filter>Header Files\Findpattern</Filter>
    </ClInclude>
    <ClInclude Include="json.h">
      <Filter>Source Files\Settings</Filter>
    </ClInclude>
    <ClInclude Include="Console.h">
      <Filter>Source Files\ImGui</Filter>
    </ClInclude>
    <ClInclude Include="detour_helpers.hpp">
      <Filter>Header Files</Filter>
    </ClInclude>
    <ClInclude Include="Vector.h">
      <Filter>Header Files\Findpattern</Filter>
    </ClInclude>
    <ClInclude Include="Teleporter.h">
      <Filter>Header Files\Detours</Filter>
    </ClInclude>
    <ClInclude Include="configs.h">
      <Filter>Source Files\Settings</Filter>
    </ClInclude>
  </ItemGroup>
  <ItemGroup>
    <ClCompile Include="Main.cpp">
      <Filter>Source Files</Filter>
    </ClCompile>
    <ClCompile Include="imgui\examples\directx9_example\imgui_impl_dx9.cpp">
      <Filter>Source Files\ImGui</Filter>
    </ClCompile>
    <ClCompile Include="imgui\imgui.cpp">
      <Filter>Source Files\ImGui</Filter>
    </ClCompile>
    <ClCompile Include="imgui\imgui_draw.cpp">
      <Filter>Source Files\ImGui</Filter>
    </ClCompile>
    <ClCompile Include="imgui\imgui_demo.cpp">
      <Filter>Source Files\ImGui</Filter>
    </ClCompile>
    <ClCompile Include="Util.cpp">
      <Filter>Source Files\ImGui</Filter>
    </ClCompile>
    <ClCompile Include="Color.cpp">
      <Filter>Source Files\ImGui</Filter>
    </ClCompile>
    <ClCompile Include="Detours\src\creatwth.cpp">
      <Filter>Source Files\Detours</Filter>
    </ClCompile>
    <ClCompile Include="Detours\src\detours.cpp">
      <Filter>Source Files\Detours</Filter>
    </ClCompile>
    <ClCompile Include="Detours\src\disasm.cpp">
      <Filter>Source Files\Detours</Filter>
    </ClCompile>
    <ClCompile Include="Detours\src\disolarm.cpp">
      <Filter>Source Files\Detours</Filter>
    </ClCompile>
    <ClCompile Include="Detours\src\disolarm64.cpp">
      <Filter>Source Files\Detours</Filter>
    </ClCompile>
    <ClCompile Include="Detours\src\disolia64.cpp">
      <Filter>Source Files\Detours</Filter>
    </ClCompile>
    <ClCompile Include="Detours\src\disolx64.cpp">
      <Filter>Source Files\Detours</Filter>
    </ClCompile>
    <ClCompile Include="Detours\src\disolx86.cpp">
      <Filter>Source Files\Detours</Filter>
    </ClCompile>
    <ClCompile Include="Detours\src\image.cpp">
      <Filter>Source Files\Detours</Filter>
    </ClCompile>
    <ClCompile Include="Detours\src\modules.cpp">
      <Filter>Source Files\Detours</Filter>
    </ClCompile>
    <ClCompile Include="Detours\src\uimports.cpp">
      <Filter>Source Files\Detours</Filter>
    </ClCompile>
    <ClCompile Include="Renderer.cpp">
      <Filter>Header Files\Renderer</Filter>
    </ClCompile>
    <ClCompile Include="FindPattern.cpp">
      <Filter>Header Files\Findpattern</Filter>
    </ClCompile>
    <ClCompile Include="Settings.cpp">
      <Filter>Source Files\Settings</Filter>
    </ClCompile>
    <ClCompile Include="json.cpp">
      <Filter>Source Files\Settings</Filter>
    </ClCompile>
    <ClCompile Include="Console.cpp">
      <Filter>Source Files\ImGui</Filter>
    </ClCompile>
    <ClCompile Include="Teleporter.cpp">
      <Filter>Header Files\Detours</Filter>
    </ClCompile>
    <ClCompile Include="configs.cpp">
      <Filter>Source Files\Settings</Filter>
    </ClCompile>
  </ItemGroup>
</Project>